
Microsoft Visual Studio Solution File, Format Version 12.00
# Visual Studio Version 17
Project("{8BC9CEB8-8B4A-11D0-8D11-00A0C91BC942}") = "ALL_BUILD", "ALL_BUILD.vcxproj", "{D9DB6660-41A0-34E6-A524-701EAD95E4A9}"
	ProjectSection(ProjectDependencies) = postProject
		{A0DEA771-9206-397D-9AA5-319670B1BCF6} = {A0DEA771-9206-397D-9AA5-319670B1BCF6}
		{6CD142B3-9D3C-3E17-B848-F42498A2D04E} = {6CD142B3-9D3C-3E17-B848-F42498A2D04E}
		{79EA8091-3F53-365C-9A8B-1D59B873D4DF} = {79EA8091-3F53-365C-9A8B-1D59B873D4DF}
		{D3CE0F01-E062-3CD1-ACEF-9EA317A092AF} = {D3CE0F01-E062-3CD1-ACEF-9EA317A092AF}
		{7672916C-9092-36A9-A785-2DC64FE24803} = {7672916C-9092-36A9-A785-2DC64FE24803}
		{561F9065-1769-326B-8FEC-7E668664377F} = {561F9065-1769-326B-8FEC-7E668664377F}
		{27F18C93-1172-3027-9CA3-A6BE3AF0C8F6} = {27F18C93-1172-3027-9CA3-A6BE3AF0C8F6}
		{740CC5A2-6381-3358-B94B-ED7F9CD0DB3C} = {740CC5A2-6381-3358-B94B-ED7F9CD0DB3C}
	EndProjectSection
EndProject
Project("{8BC9CEB8-8B4A-11D0-8D11-00A0C91BC942}") = "Continuous", "Continuous.vcxproj", "{4802D080-96D7-386D-9D9A-7D8436DD2166}"
	ProjectSection(ProjectDependencies) = postProject
		{A0DEA771-9206-397D-9AA5-319670B1BCF6} = {A0DEA771-9206-397D-9AA5-319670B1BCF6}
	EndProjectSection
EndProject
Project("{8BC9CEB8-8B4A-11D0-8D11-00A0C91BC942}") = "Experimental", "Experimental.vcxproj", "{96834162-B954-397F-BB09-B8439F0C47F0}"
	ProjectSection(ProjectDependencies) = postProject
		{A0DEA771-9206-397D-9AA5-319670B1BCF6} = {A0DEA771-9206-397D-9AA5-319670B1BCF6}
	EndProjectSection
EndProject
Project("{8BC9CEB8-8B4A-11D0-8D11-00A0C91BC942}") = "INSTALL", "INSTALL.vcxproj", "{4B846FB3-E232-3365-9D69-B341AEC45795}"
	ProjectSection(ProjectDependencies) = postProject
		{D9DB6660-41A0-34E6-A524-701EAD95E4A9} = {D9DB6660-41A0-34E6-A524-701EAD95E4A9}
		{A0DEA771-9206-397D-9AA5-319670B1BCF6} = {A0DEA771-9206-397D-9AA5-319670B1BCF6}
	EndProjectSection
EndProject
Project("{8BC9CEB8-8B4A-11D0-8D11-00A0C91BC942}") = "Nightly", "Nightly.vcxproj", "{031129E4-B4D6-3D74-B032-826E1DB9CF5D}"
	ProjectSection(ProjectDependencies) = postProject
		{A0DEA771-9206-397D-9AA5-319670B1BCF6} = {A0DEA771-9206-397D-9AA5-319670B1BCF6}
	EndProjectSection
EndProject
Project("{8BC9CEB8-8B4A-11D0-8D11-00A0C91BC942}") = "NightlyMemoryCheck", "NightlyMemoryCheck.vcxproj", "{FD5B377D-7A43-3168-91AD-4F7A430B09CC}"
	ProjectSection(ProjectDependencies) = postProject
		{A0DEA771-9206-397D-9AA5-319670B1BCF6} = {A0DEA771-9206-397D-9AA5-319670B1BCF6}
	EndProjectSection
EndProject
Project("{8BC9CEB8-8B4A-11D0-8D11-00A0C91BC942}") = "RUN_TESTS", "RUN_TESTS.vcxproj", "{CC995EA6-59EF-3FB0-973E-72BA9E254E6B}"
	ProjectSection(ProjectDependencies) = postProject
		{A0DEA771-9206-397D-9AA5-319670B1BCF6} = {A0DEA771-9206-397D-9AA5-319670B1BCF6}
	EndProjectSection
EndProject
Project("{8BC9CEB8-8B4A-11D0-8D11-00A0C91BC942}") = "ZERO_CHECK", "ZERO_CHECK.vcxproj", "{A0DEA771-9206-397D-9AA5-319670B1BCF6}"
	ProjectSection(ProjectDependencies) = postProject
	EndProjectSection
EndProject
Project("{8BC9CEB8-8B4A-11D0-8D11-00A0C91BC942}") = "example_c_provider", "example_c_provider.vcxproj", "{6CD142B3-9D3C-3E17-B848-F42498A2D04E}"
	ProjectSection(ProjectDependencies) = postProject
		{A0DEA771-9206-397D-9AA5-319670B1BCF6} = {A0DEA771-9206-397D-9AA5-319670B1BCF6}
		{740CC5A2-6381-3358-B94B-ED7F9CD0DB3C} = {740CC5A2-6381-3358-B94B-ED7F9CD0DB3C}
	EndProjectSection
EndProject
Project("{8BC9CEB8-8B4A-11D0-8D11-00A0C91BC942}") = "fixture_ops_plugin", "fixture_ops_plugin.vcxproj", "{79EA8091-3F53-365C-9A8B-1D59B873D4DF}"
	ProjectSection(ProjectDependencies) = postProject
		{A0DEA771-9206-397D-9AA5-319670B1BCF6} = {A0DEA771-9206-397D-9AA5-319670B1BCF6}
		{740CC5A2-6381-3358-B94B-ED7F9CD0DB3C} = {740CC5A2-6381-3358-B94B-ED7F9CD0DB3C}
	EndProjectSection
EndProject
Project("{8BC9CEB8-8B4A-11D0-8D11-00A0C91BC942}") = "fixture_ops_plugin_bad_abi", "fixture_ops_plugin_bad_abi.vcxproj", "{D3CE0F01-E062-3CD1-ACEF-9EA317A092AF}"
	ProjectSection(ProjectDependencies) = postProject
		{A0DEA771-9206-397D-9AA5-319670B1BCF6} = {A0DEA771-9206-397D-9AA5-319670B1BCF6}
		{740CC5A2-6381-3358-B94B-ED7F9CD0DB3C} = {740CC5A2-6381-3358-B94B-ED7F9CD0DB3C}
	EndProjectSection
EndProject
Project("{8BC9CEB8-8B4A-11D0-8D11-00A0C91BC942}") = "ledger_plugin", "ledger_plugin.vcxproj", "{7672916C-9092-36A9-A785-2DC64FE24803}"
	ProjectSection(ProjectDependencies) = postProject
		{A0DEA771-9206-397D-9AA5-319670B1BCF6} = {A0DEA771-9206-397D-9AA5-319670B1BCF6}
		{740CC5A2-6381-3358-B94B-ED7F9CD0DB3C} = {740CC5A2-6381-3358-B94B-ED7F9CD0DB3C}
	EndProjectSection
EndProject
Project("{8BC9CEB8-8B4A-11D0-8D11-00A0C91BC942}") = "polycall_cli", "polycall_cli.vcxproj", "{561F9065-1769-326B-8FEC-7E668664377F}"
	ProjectSection(ProjectDependencies) = postProject
		{A0DEA771-9206-397D-9AA5-319670B1BCF6} = {A0DEA771-9206-397D-9AA5-319670B1BCF6}
		{740CC5A2-6381-3358-B94B-ED7F9CD0DB3C} = {740CC5A2-6381-3358-B94B-ED7F9CD0DB3C}
	EndProjectSection
EndProject
Project("{8BC9CEB8-8B4A-11D0-8D11-00A0C91BC942}") = "polycall_shared", "polycall_shared.vcxproj", "{27F18C93-1172-3027-9CA3-A6BE3AF0C8F6}"
	ProjectSection(ProjectDependencies) = postProject
		{A0DEA771-9206-397D-9AA5-319670B1BCF6} = {A0DEA771-9206-397D-9AA5-319670B1BCF6}
	EndProjectSection
EndProject
Project("{8BC9CEB8-8B4A-11D0-8D11-00A0C91BC942}") = "polycall_static", "polycall_static.vcxproj", "{740CC5A2-6381-3358-B94B-ED7F9CD0DB3C}"
	ProjectSection(ProjectDependencies) = postProject
		{A0DEA771-9206-397D-9AA5-319670B1BCF6} = {A0DEA771-9206-397D-9AA5-319670B1BCF6}
	EndProjectSection
EndProject
Global
	GlobalSection(SolutionConfigurationPlatforms) = preSolution
		Debug|x64 = Debug|x64
		Release|x64 = Release|x64
		MinSizeRel|x64 = MinSizeRel|x64
		RelWithDebInfo|x64 = RelWithDebInfo|x64
	EndGlobalSection
	GlobalSection(ProjectConfigurationPlatforms) = postSolution
		{D9DB6660-41A0-34E6-A524-701EAD95E4A9}.Debug|x64.ActiveCfg = Debug|x64
		{D9DB6660-41A0-34E6-A524-701EAD95E4A9}.Debug|x64.Build.0 = Debug|x64
		{D9DB6660-41A0-34E6-A524-701EAD95E4A9}.Release|x64.ActiveCfg = Release|x64
		{D9DB6660-41A0-34E6-A524-701EAD95E4A9}.Release|x64.Build.0 = Release|x64
		{D9DB6660-41A0-34E6-A524-701EAD95E4A9}.MinSizeRel|x64.ActiveCfg = MinSizeRel|x64
		{D9DB6660-41A0-34E6-A524-701EAD95E4A9}.MinSizeRel|x64.Build.0 = MinSizeRel|x64
		{D9DB6660-41A0-34E6-A524-701EAD95E4A9}.RelWithDebInfo|x64.ActiveCfg = RelWithDebInfo|x64
		{D9DB6660-41A0-34E6-A524-701EAD95E4A9}.RelWithDebInfo|x64.Build.0 = RelWithDebInfo|x64
		{4802D080-96D7-386D-9D9A-7D8436DD2166}.Debug|x64.ActiveCfg = Debug|x64
		{4802D080-96D7-386D-9D9A-7D8436DD2166}.Release|x64.ActiveCfg = Release|x64
		{4802D080-96D7-386D-9D9A-7D8436DD2166}.MinSizeRel|x64.ActiveCfg = MinSizeRel|x64
		{4802D080-96D7-386D-9D9A-7D8436DD2166}.RelWithDebInfo|x64.ActiveCfg = RelWithDebInfo|x64
		{96834162-B954-397F-BB09-B8439F0C47F0}.Debug|x64.ActiveCfg = Debug|x64
		{96834162-B954-397F-BB09-B8439F0C47F0}.Release|x64.ActiveCfg = Release|x64
		{96834162-B954-397F-BB09-B8439F0C47F0}.MinSizeRel|x64.ActiveCfg = MinSizeRel|x64
		{96834162-B954-397F-BB09-B8439F0C47F0}.RelWithDebInfo|x64.ActiveCfg = RelWithDebInfo|x64
		{4B846FB3-E232-3365-9D69-B341AEC45795}.Debug|x64.ActiveCfg = Debug|x64
		{4B846FB3-E232-3365-9D69-B341AEC45795}.Release|x64.ActiveCfg = Release|x64
		{4B846FB3-E232-3365-9D69-B341AEC45795}.MinSizeRel|x64.ActiveCfg = MinSizeRel|x64
		{4B846FB3-E232-3365-9D69-B341AEC45795}.RelWithDebInfo|x64.ActiveCfg = RelWithDebInfo|x64
		{031129E4-B4D6-3D74-B032-826E1DB9CF5D}.Debug|x64.ActiveCfg = Debug|x64
		{031129E4-B4D6-3D74-B032-826E1DB9CF5D}.Release|x64.ActiveCfg = Release|x64
		{031129E4-B4D6-3D74-B032-826E1DB9CF5D}.MinSizeRel|x64.ActiveCfg = MinSizeRel|x64
		{031129E4-B4D6-3D74-B032-826E1DB9CF5D}.RelWithDebInfo|x64.ActiveCfg = RelWithDebInfo|x64
		{FD5B377D-7A43-3168-91AD-4F7A430B09CC}.Debug|x64.ActiveCfg = Debug|x64
		{FD5B377D-7A43-3168-91AD-4F7A430B09CC}.Release|x64.ActiveCfg = Release|x64
		{FD5B377D-7A43-3168-91AD-4F7A430B09CC}.MinSizeRel|x64.ActiveCfg = MinSizeRel|x64
		{FD5B377D-7A43-3168-91AD-4F7A430B09CC}.RelWithDebInfo|x64.ActiveCfg = RelWithDebInfo|x64
		{CC995EA6-59EF-3FB0-973E-72BA9E254E6B}.Debug|x64.ActiveCfg = Debug|x64
		{CC995EA6-59EF-3FB0-973E-72BA9E254E6B}.Release|x64.ActiveCfg = Release|x64
		{CC995EA6-59EF-3FB0-973E-72BA9E254E6B}.MinSizeRel|x64.ActiveCfg = MinSizeRel|x64
		{CC995EA6-59EF-3FB0-973E-72BA9E254E6B}.RelWithDebInfo|x64.ActiveCfg = RelWithDebInfo|x64
		{A0DEA771-9206-397D-9AA5-319670B1BCF6}.Debug|x64.ActiveCfg = Debug|x64
		{A0DEA771-9206-397D-9AA5-319670B1BCF6}.Debug|x64.Build.0 = Debug|x64
		{A0DEA771-9206-397D-9AA5-319670B1BCF6}.Release|x64.ActiveCfg = Release|x64
		{A0DEA771-9206-397D-9AA5-319670B1BCF6}.Release|x64.Build.0 = Release|x64
		{A0DEA771-9206-397D-9AA5-319670B1BCF6}.MinSizeRel|x64.ActiveCfg = MinSizeRel|x64
		{A0DEA771-9206-397D-9AA5-319670B1BCF6}.MinSizeRel|x64.Build.0 = MinSizeRel|x64
		{A0DEA771-9206-397D-9AA5-319670B1BCF6}.RelWithDebInfo|x64.ActiveCfg = RelWithDebInfo|x64
		{A0DEA771-9206-397D-9AA5-319670B1BCF6}.RelWithDebInfo|x64.Build.0 = RelWithDebInfo|x64
		{6CD142B3-9D3C-3E17-B848-F42498A2D04E}.Debug|x64.ActiveCfg = Debug|x64
		{6CD142B3-9D3C-3E17-B848-F42498A2D04E}.Debug|x64.Build.0 = Debug|x64
		{6CD142B3-9D3C-3E17-B848-F42498A2D04E}.Release|x64.ActiveCfg = Release|x64
		{6CD142B3-9D3C-3E17-B848-F42498A2D04E}.Release|x64.Build.0 = Release|x64
		{6CD142B3-9D3C-3E17-B848-F42498A2D04E}.MinSizeRel|x64.ActiveCfg = MinSizeRel|x64
		{6CD142B3-9D3C-3E17-B848-F42498A2D04E}.MinSizeRel|x64.Build.0 = MinSizeRel|x64
		{6CD142B3-9D3C-3E17-B848-F42498A2D04E}.RelWithDebInfo|x64.ActiveCfg = RelWithDebInfo|x64
		{6CD142B3-9D3C-3E17-B848-F42498A2D04E}.RelWithDebInfo|x64.Build.0 = RelWithDebInfo|x64
		{79EA8091-3F53-365C-9A8B-1D59B873D4DF}.Debug|x64.ActiveCfg = Debug|x64
		{79EA8091-3F53-365C-9A8B-1D59B873D4DF}.Debug|x64.Build.0 = Debug|x64
		{79EA8091-3F53-365C-9A8B-1D59B873D4DF}.Release|x64.ActiveCfg = Release|x64
		{79EA8091-3F53-365C-9A8B-1D59B873D4DF}.Release|x64.Build.0 = Release|x64
		{79EA8091-3F53-365C-9A8B-1D59B873D4DF}.MinSizeRel|x64.ActiveCfg = MinSizeRel|x64
		{79EA8091-3F53-365C-9A8B-1D59B873D4DF}.MinSizeRel|x64.Build.0 = MinSizeRel|x64
		{79EA8091-3F53-365C-9A8B-1D59B873D4DF}.RelWithDebInfo|x64.ActiveCfg = RelWithDebInfo|x64
		{79EA8091-3F53-365C-9A8B-1D59B873D4DF}.RelWithDebInfo|x64.Build.0 = RelWithDebInfo|x64
		{D3CE0F01-E062-3CD1-ACEF-9EA317A092AF}.Debug|x64.ActiveCfg = Debug|x64
		{D3CE0F01-E062-3CD1-ACEF-9EA317A092AF}.Debug|x64.Build.0 = Debug|x64
		{D3CE0F01-E062-3CD1-ACEF-9EA317A092AF}.Release|x64.ActiveCfg = Release|x64
		{D3CE0F01-E062-3CD1-ACEF-9EA317A092AF}.Release|x64.Build.0 = Release|x64
		{D3CE0F01-E062-3CD1-ACEF-9EA317A092AF}.MinSizeRel|x64.ActiveCfg = MinSizeRel|x64
		{D3CE0F01-E062-3CD1-ACEF-9EA317A092AF}.MinSizeRel|x64.Build.0 = MinSizeRel|x64
		{D3CE0F01-E062-3CD1-ACEF-9EA317A092AF}.RelWithDebInfo|x64.ActiveCfg = RelWithDebInfo|x64
		{D3CE0F01-E062-3CD1-ACEF-9EA317A092AF}.RelWithDebInfo|x64.Build.0 = RelWithDebInfo|x64
		{7672916C-9092-36A9-A785-2DC64FE24803}.Debug|x64.ActiveCfg = Debug|x64
		{7672916C-9092-36A9-A785-2DC64FE24803}.Debug|x64.Build.0 = Debug|x64
		{7672916C-9092-36A9-A785-2DC64FE24803}.Release|x64.ActiveCfg = Release|x64
		{7672916C-9092-36A9-A785-2DC64FE24803}.Release|x64.Build.0 = Release|x64
		{7672916C-9092-36A9-A785-2DC64FE24803}.MinSizeRel|x64.ActiveCfg = MinSizeRel|x64
		{7672916C-9092-36A9-A785-2DC64FE24803}.MinSizeRel|x64.Build.0 = MinSizeRel|x64
		{7672916C-9092-36A9-A785-2DC64FE24803}.RelWithDebInfo|x64.ActiveCfg = RelWithDebInfo|x64
		{7672916C-9092-36A9-A785-2DC64FE24803}.RelWithDebInfo|x64.Build.0 = RelWithDebInfo|x64
		{561F9065-1769-326B-8FEC-7E668664377F}.Debug|x64.ActiveCfg = Debug|x64
		{561F9065-1769-326B-8FEC-7E668664377F}.Debug|x64.Build.0 = Debug|x64
		{561F9065-1769-326B-8FEC-7E668664377F}.Release|x64.ActiveCfg = Release|x64
		{561F9065-1769-326B-8FEC-7E668664377F}.Release|x64.Build.0 = Release|x64
		{561F9065-1769-326B-8FEC-7E668664377F}.MinSizeRel|x64.ActiveCfg = MinSizeRel|x64
		{561F9065-1769-326B-8FEC-7E668664377F}.MinSizeRel|x64.Build.0 = MinSizeRel|x64
		{561F9065-1769-326B-8FEC-7E668664377F}.RelWithDebInfo|x64.ActiveCfg = RelWithDebInfo|x64
		{561F9065-1769-326B-8FEC-7E668664377F}.RelWithDebInfo|x64.Build.0 = RelWithDebInfo|x64
		{27F18C93-1172-3027-9CA3-A6BE3AF0C8F6}.Debug|x64.ActiveCfg = Debug|x64
		{27F18C93-1172-3027-9CA3-A6BE3AF0C8F6}.Debug|x64.Build.0 = Debug|x64
		{27F18C93-1172-3027-9CA3-A6BE3AF0C8F6}.Release|x64.ActiveCfg = Release|x64
		{27F18C93-1172-3027-9CA3-A6BE3AF0C8F6}.Release|x64.Build.0 = Release|x64
		{27F18C93-1172-3027-9CA3-A6BE3AF0C8F6}.MinSizeRel|x64.ActiveCfg = MinSizeRel|x64
		{27F18C93-1172-3027-9CA3-A6BE3AF0C8F6}.MinSizeRel|x64.Build.0 = MinSizeRel|x64
		{27F18C93-1172-3027-9CA3-A6BE3AF0C8F6}.RelWithDebInfo|x64.ActiveCfg = RelWithDebInfo|x64
		{27F18C93-1172-3027-9CA3-A6BE3AF0C8F6}.RelWithDebInfo|x64.Build.0 = RelWithDebInfo|x64
		{740CC5A2-6381-3358-B94B-ED7F9CD0DB3C}.Debug|x64.ActiveCfg = Debug|x64
		{740CC5A2-6381-3358-B94B-ED7F9CD0DB3C}.Debug|x64.Build.0 = Debug|x64
		{740CC5A2-6381-3358-B94B-ED7F9CD0DB3C}.Release|x64.ActiveCfg = Release|x64
		{740CC5A2-6381-3358-B94B-ED7F9CD0DB3C}.Release|x64.Build.0 = Release|x64
		{740CC5A2-6381-3358-B94B-ED7F9CD0DB3C}.MinSizeRel|x64.ActiveCfg = MinSizeRel|x64
		{740CC5A2-6381-3358-B94B-ED7F9CD0DB3C}.MinSizeRel|x64.Build.0 = MinSizeRel|x64
		{740CC5A2-6381-3358-B94B-ED7F9CD0DB3C}.RelWithDebInfo|x64.ActiveCfg = RelWithDebInfo|x64
		{740CC5A2-6381-3358-B94B-ED7F9CD0DB3C}.RelWithDebInfo|x64.Build.0 = RelWithDebInfo|x64
	EndGlobalSection
	GlobalSection(ExtensibilityGlobals) = postSolution
		SolutionGuid = {5F5A10E9-0E18-3564-8C18-D6790820BA1A}
	EndGlobalSection
	GlobalSection(ExtensibilityAddIns) = postSolution
	EndGlobalSection
EndGlobal
